# THIS IS AN AUTOGENERATED FILE. DO NOT EDIT THIS FILE DIRECTLY.
# yarn lockfile v1


async@^1.0.0:
  version "1.5.2"
  resolved "https://registry.yarnpkg.com/async/-/async-1.5.2.tgz#ec6a61ae56480c0c3cb241c95618e20892f9672a"

axios@^0.17.1:
  version "0.17.1"
  resolved "https://registry.yarnpkg.com/axios/-/axios-0.17.1.tgz#2d8e3e5d0bdbd7327f91bc814f5c57660f81824d"
  dependencies:
    follow-redirects "^1.2.5"
    is-buffer "^1.1.5"

bson@~1.0.4:
  version "1.0.4"
  resolved "https://registry.yarnpkg.com/bson/-/bson-1.0.4.tgz#93c10d39eaa5b58415cbc4052f3e53e562b0b72c"

buffer-shims@~1.0.0:
  version "1.0.0"
  resolved "https://registry.yarnpkg.com/buffer-shims/-/buffer-shims-1.0.0.tgz#9978ce317388c649ad8793028c3477ef044a8b51"

color-convert@^0.5.0:
  version "0.5.3"
  resolved "https://registry.yarnpkg.com/color-convert/-/color-convert-0.5.3.tgz#bdb6c69ce660fadffe0b0007cc447e1b9f7282bd"

color-name@^1.0.0:
  version "1.1.3"
  resolved "https://registry.yarnpkg.com/color-name/-/color-name-1.1.3.tgz#a7d0558bd89c42f795dd42328f740831ca53bc25"

color-string@^0.3.0:
  version "0.3.0"
  resolved "https://registry.yarnpkg.com/color-string/-/color-string-0.3.0.tgz#27d46fb67025c5c2fa25993bfbf579e47841b991"
  dependencies:
    color-name "^1.0.0"

color@0.8.x:
  version "0.8.0"
  resolved "https://registry.yarnpkg.com/color/-/color-0.8.0.tgz#890c07c3fd4e649537638911cf691e5458b6fca5"
  dependencies:
    color-convert "^0.5.0"
    color-string "^0.3.0"

colornames@0.0.2:
  version "0.0.2"
  resolved "https://registry.yarnpkg.com/colornames/-/colornames-0.0.2.tgz#d811fd6c84f59029499a8ac4436202935b92be31"

colors@^1.1.2:
  version "1.1.2"
  resolved "https://registry.yarnpkg.com/colors/-/colors-1.1.2.tgz#168a4701756b6a7f51a12ce0c97bfa28c084ed63"

colorspace@1.0.x:
  version "1.0.1"
  resolved "https://registry.yarnpkg.com/colorspace/-/colorspace-1.0.1.tgz#c99c796ed31128b9876a52e1ee5ee03a4a719749"
  dependencies:
    color "0.8.x"
    text-hex "0.0.x"

cookie@0.3.1:
  version "0.3.1"
  resolved "https://registry.yarnpkg.com/cookie/-/cookie-0.3.1.tgz#e7e0a1f9ef43b4c8ba925c5c5a96e806d16873bb"

core-util-is@~1.0.0:
  version "1.0.2"
  resolved "https://registry.yarnpkg.com/core-util-is/-/core-util-is-1.0.2.tgz#b5fd54220aa2bc5ab57aab7140c940754503c1a7"

debug@^3.1.0:
  version "3.1.0"
  resolved "https://registry.yarnpkg.com/debug/-/debug-3.1.0.tgz#5bb5a0672628b64149566ba16819e61518c67261"
  dependencies:
    ms "2.0.0"

diagnostics@^1.0.1:
  version "1.1.0"
  resolved "https://registry.yarnpkg.com/diagnostics/-/diagnostics-1.1.0.tgz#e1090900b49523e8527be20f081275205f2ae36a"
  dependencies:
    colorspace "1.0.x"
    enabled "1.0.x"
    kuler "0.0.x"

enabled@1.0.x:
  version "1.0.2"
  resolved "https://registry.yarnpkg.com/enabled/-/enabled-1.0.2.tgz#965f6513d2c2d1c5f4652b64a2e3396467fc2f93"
  dependencies:
    env-variable "0.0.x"

env-variable@0.0.x:
  version "0.0.3"
  resolved "https://registry.yarnpkg.com/env-variable/-/env-variable-0.0.3.tgz#b86c1641be5610267d506f18071ea76d707097cb"

es6-promise@3.2.1:
  version "3.2.1"
  resolved "https://registry.yarnpkg.com/es6-promise/-/es6-promise-3.2.1.tgz#ec56233868032909207170c39448e24449dd1fc4"

fecha@^2.3.2:
  version "2.3.2"
  resolved "https://registry.yarnpkg.com/fecha/-/fecha-2.3.2.tgz#360f035dd6edd954bc9581f95f2a4a7f2a3505c1"

follow-redirects@^1.2.5:
  version "1.2.6"
  resolved "https://registry.yarnpkg.com/follow-redirects/-/follow-redirects-1.2.6.tgz#4dcdc7e4ab3dd6765a97ff89c3b4c258117c79bf"
  dependencies:
    debug "^3.1.0"

inherits@~2.0.1:
  version "2.0.3"
  resolved "https://registry.yarnpkg.com/inherits/-/inherits-2.0.3.tgz#633c2c83e3da42a502f52466022480f4208261de"

is-buffer@^1.1.5:
  version "1.1.6"
  resolved "https://registry.yarnpkg.com/is-buffer/-/is-buffer-1.1.6.tgz#efaa2ea9daa0d7ab2ea13a97b2b8ad51fefbe8be"

isarray@~1.0.0:
  version "1.0.0"
  resolved "https://registry.yarnpkg.com/isarray/-/isarray-1.0.0.tgz#bb935d48582cba168c06834957a54a3e07124f11"

isstream@0.1.x:
  version "0.1.2"
  resolved "https://registry.yarnpkg.com/isstream/-/isstream-0.1.2.tgz#47e63f7af55afa6f92e1500e690eb8b8529c099a"

kuler@0.0.x:
  version "0.0.0"
  resolved "https://registry.yarnpkg.com/kuler/-/kuler-0.0.0.tgz#b66bb46b934e550f59d818848e0abba4f7f5553c"
  dependencies:
    colornames "0.0.2"

logform@^1.2.1:
  version "1.2.2"
  resolved "https://registry.yarnpkg.com/logform/-/logform-1.2.2.tgz#7be8847684de07185029ed09c65b11d06191ef93"
  dependencies:
    colors "^1.1.2"
    fecha "^2.3.2"

lsmod@1.0.0:
  version "1.0.0"
  resolved "https://registry.yarnpkg.com/lsmod/-/lsmod-1.0.0.tgz#9a00f76dca36eb23fa05350afe1b585d4299e64b"

mongodb-core@2.1.17:
  version "2.1.17"
  resolved "https://registry.yarnpkg.com/mongodb-core/-/mongodb-core-2.1.17.tgz#a418b337a14a14990fb510b923dee6a813173df8"
  dependencies:
    bson "~1.0.4"
    require_optional "~1.0.0"

mongodb@^2.2.33:
  version "2.2.33"
  resolved "https://registry.yarnpkg.com/mongodb/-/mongodb-2.2.33.tgz#b537c471d34a6651b48f36fdbf29750340e08b50"
  dependencies:
    es6-promise "3.2.1"
    mongodb-core "2.1.17"
    readable-stream "2.2.7"

ms@2.0.0:
  version "2.0.0"
  resolved "https://registry.yarnpkg.com/ms/-/ms-2.0.0.tgz#5608aeadfc00be6c2901df5f9861788de0d597c8"

one-time@0.0.4:
  version "0.0.4"
  resolved "https://registry.yarnpkg.com/one-time/-/one-time-0.0.4.tgz#f8cdf77884826fe4dff93e3a9cc37b1e4480742e"

process-nextick-args@~1.0.6:
  version "1.0.7"
  resolved "https://registry.yarnpkg.com/process-nextick-args/-/process-nextick-args-1.0.7.tgz#150e20b756590ad3f91093f25a4f2ad8bff30ba3"

ramda@^0.25.0:
  version "0.25.0"
  resolved "https://registry.yarnpkg.com/ramda/-/ramda-0.25.0.tgz#8fdf68231cffa90bc2f9460390a0cb74a29b29a9"

raven@^2.2.1:
  version "2.2.1"
  resolved "https://registry.yarnpkg.com/raven/-/raven-2.2.1.tgz#57c7fbe68a80147ec527def3d7c01575cf948fe3"
  dependencies:
    cookie "0.3.1"
    lsmod "1.0.0"
    stack-trace "0.0.9"
    timed-out "4.0.1"
    uuid "3.0.0"

readable-stream@2.2.7:
  version "2.2.7"
  resolved "https://registry.yarnpkg.com/readable-stream/-/readable-stream-2.2.7.tgz#07057acbe2467b22042d36f98c5ad507054e95b1"
  dependencies:
    buffer-shims "~1.0.0"
    core-util-is "~1.0.0"
    inherits "~2.0.1"
    isarray "~1.0.0"
    process-nextick-args "~1.0.6"
    string_decoder "~1.0.0"
    util-deprecate "~1.0.1"

require_optional@~1.0.0:
  version "1.0.1"
  resolved "https://registry.yarnpkg.com/require_optional/-/require_optional-1.0.1.tgz#4cf35a4247f64ca3df8c2ef208cc494b1ca8fc2e"
  dependencies:
    resolve-from "^2.0.0"
    semver "^5.1.0"

resolve-from@^2.0.0:
  version "2.0.0"
  resolved "https://registry.yarnpkg.com/resolve-from/-/resolve-from-2.0.0.tgz#9480ab20e94ffa1d9e80a804c7ea147611966b57"

safe-buffer@~5.1.0:
  version "5.1.1"
  resolved "https://registry.yarnpkg.com/safe-buffer/-/safe-buffer-5.1.1.tgz#893312af69b2123def71f57889001671eeb2c853"

semver@^5.1.0:
  version "5.4.1"
  resolved "https://registry.yarnpkg.com/semver/-/semver-5.4.1.tgz#e059c09d8571f0540823733433505d3a2f00b18e"

stack-trace@0.0.9:
  version "0.0.9"
  resolved "https://registry.yarnpkg.com/stack-trace/-/stack-trace-0.0.9.tgz#a8f6eaeca90674c333e7c43953f275b451510695"

stack-trace@0.0.x:
  version "0.0.10"
  resolved "https://registry.yarnpkg.com/stack-trace/-/stack-trace-0.0.10.tgz#547c70b347e8d32b4e108ea1a2a159e5fdde19c0"

string_decoder@~1.0.0:
  version "1.0.3"
  resolved "https://registry.yarnpkg.com/string_decoder/-/string_decoder-1.0.3.tgz#0fc67d7c141825de94282dd536bec6b9bce860ab"
  dependencies:
    safe-buffer "~5.1.0"

text-hex@0.0.x:
  version "0.0.0"
  resolved "https://registry.yarnpkg.com/text-hex/-/text-hex-0.0.0.tgz#578fbc85a6a92636e42dd17b41d0218cce9eb2b3"

timed-out@4.0.1:
  version "4.0.1"
  resolved "https://registry.yarnpkg.com/timed-out/-/timed-out-4.0.1.tgz#f32eacac5a175bea25d7fab565ab3ed8741ef56f"

triple-beam@^1.0.1:
  version "1.1.0"
  resolved "https://registry.yarnpkg.com/triple-beam/-/triple-beam-1.1.0.tgz#2ac387c8c4bd04bd26c61df891a6079f8592fe10"

util-deprecate@~1.0.1:
  version "1.0.2"
  resolved "https://registry.yarnpkg.com/util-deprecate/-/util-deprecate-1.0.2.tgz#450d4dc9fa70de732762fbd2d4a28981419a0ccf"

uuid@3.0.0:
  version "3.0.0"
  resolved "https://registry.yarnpkg.com/uuid/-/uuid-3.0.0.tgz#6728fc0459c450d796a99c31837569bdf672d728"

validate.js@^0.12.0:
  version "0.12.0"
  resolved "https://registry.yarnpkg.com/validate.js/-/validate.js-0.12.0.tgz#17f989e37c192ea2f826bbf19bf4e97e6e4be68f"

winston-transport@^3.0.1:
  version "3.0.1"
  resolved "https://registry.yarnpkg.com/winston-transport/-/winston-transport-3.0.1.tgz#8008b15eef5660c4fb3fa094d58ccbd08528c58d"

winston@^3.0.0-rc1:
  version "3.0.0-rc1"
  resolved "https://registry.yarnpkg.com/winston/-/winston-3.0.0-rc1.tgz#982bc0ad4ef5c53000ca68036d78a3deaa28cac5"
  dependencies:
    async "^1.0.0"
    diagnostics "^1.0.1"
    isstream "0.1.x"
    logform "^1.2.1"
    one-time "0.0.4"
    stack-trace "0.0.x"
    triple-beam "^1.0.1"
    winston-transport "^3.0.1"
